Microsoft Visual Studio Solution File, Format Version 12.00
# Visual Studio Version 17
VisualStudioVersion = 17.5.2.0
MinimumVisualStudioVersion = 10.0.40219.1
Project("{FAE04EC0-301F-11D3-BF4B-00C04F79EFBC}") = "AppAmbit.Victor", "AppAmbit.Victor.csproj", "{626FDF82-82F0-6AE9-D4E8-F39E2E9F06F3}"
EndProject
Global
	GlobalSection(SolutionConfigurationPlatforms) = preSolution
		Debug|Any CPU = Debug|Any CPU
		Release|Any CPU = Release|Any CPU
	EndGlobalSection
	GlobalSection(ProjectConfigurationPlatforms) = postSolution
		{626FDF82-82F0-6AE9-D4E8-F39E2E9F06F3}.Debug|Any CPU.ActiveCfg = Debug|Any CPU
		{626FDF82-82F0-6AE9-D4E8-F39E2E9F06F3}.Debug|Any CPU.Build.0 = Debug|Any CPU
		{626FDF82-82F0-6AE9-D4E8-F39E2E9F06F3}.Release|Any CPU.ActiveCfg = Release|Any CPU
		{626FDF82-82F0-6AE9-D4E8-F39E2E9F06F3}.Release|Any CPU.Build.0 = Release|Any CPU
	EndGlobalSection
	GlobalSection(SolutionProperties) = preSolution
		HideSolutionNode = FALSE
	EndGlobalSection
	GlobalSection(ExtensibilityGlobals) = postSolution
		SolutionGuid = {274C4FA1-1563-4C6F-82AF-951F043CB31E}
	EndGlobalSection
EndGlobal
